
Microsoft Visual Studio Solution File, Format Version 12.00
# Visual Studio Version 16
VisualStudioVersion = 16.0.30114.105
MinimumVisualStudioVersion = 10.0.40219.1
Project("{E24C65DC-7377-472B-9ABA-BC803B73C61A}") = "LoginService", "LoginService\", "{D80573BD-EBB3-4443-A525-622BDB2EFEF2}"
	ProjectSection(WebsiteProperties) = preProject
		TargetFrameworkMoniker = ".NETFramework,Version%3Dv4.7.2"
		Debug.AspNetCompiler.VirtualPath = "/localhost_49622"
		Debug.AspNetCompiler.PhysicalPath = "LoginService\"
		Debug.AspNetCompiler.TargetPath = "PrecompiledWeb\localhost_49622\"
		Debug.AspNetCompiler.Updateable = "true"
		Debug.AspNetCompiler.ForceOverwrite = "true"
		Debug.AspNetCompiler.FixedNames = "false"
		Debug.AspNetCompiler.Debug = "True"
		Release.AspNetCompiler.VirtualPath = "/localhost_49622"
		Release.AspNetCompiler.PhysicalPath = "LoginService\"
		Release.AspNetCompiler.TargetPath = "PrecompiledWeb\localhost_49622\"
		Release.AspNetCompiler.Updateable = "true"
		Release.AspNetCompiler.ForceOverwrite = "true"
		Release.AspNetCompiler.FixedNames = "false"
		Release.AspNetCompiler.Debug = "False"
		VWDPort = "49622"
		SlnRelativePath = "LoginService\"
		DefaultWebSiteLanguage = "Visual C#"
	EndProjectSection
EndProject
Global
	GlobalSection(SolutionConfigurationPlatforms) = preSolution
		Debug|Any CPU = Debug|Any CPU
	EndGlobalSection
	GlobalSection(ProjectConfigurationPlatforms) = postSolution
		{D80573BD-EBB3-4443-A525-622BDB2EFEF2}.Debug|Any CPU.ActiveCfg = Debug|Any CPU
		{D80573BD-EBB3-4443-A525-622BDB2EFEF2}.Debug|Any CPU.Build.0 = Debug|Any CPU
	EndGlobalSection
	GlobalSection(SolutionProperties) = preSolution
		HideSolutionNode = FALSE
	EndGlobalSection
	GlobalSection(ExtensibilityGlobals) = postSolution
		SolutionGuid = {E5806938-5B01-4E31-8C9B-8BDFF66FDA60}
	EndGlobalSection
EndGlobal
